// !$*UTF8*$!
{
	archiveVersion = 1;
	classes = {
	};
	objectVersion = 51;
	objects = {

/* Begin PBXBuildFile section */
		8A0728D0228F1D3900A3AEBF /* CameraPreview.swift in Sources */ = {isa = PBXBuildFile; fileRef = 8A0728CF228F1D3900A3AEBF /* CameraPreview.swift */; };
		8A0728D2228F1D9B00A3AEBF /* AudioPreview.swift in Sources */ = {isa = PBXBuildFile; fileRef = 8A0728D1228F1D9B00A3AEBF /* AudioPreview.swift */; };
		8A0728E5228F268A00A3AEBF /* CoreAudio.swift in Sources */ = {isa = PBXBuildFile; fileRef = 8A0728E4228F268A00A3AEBF /* CoreAudio.swift */; };
		8A0728E9228F2A3D00A3AEBF /* nt4.mp3 in Resources */ = {isa = PBXBuildFile; fileRef = 8A0728E8228F2A3D00A3AEBF /* nt4.mp3 */; };
		8A0728EA228F2ADD00A3AEBF /* TestViewController.swift in Sources */ = {isa = PBXBuildFile; fileRef = 8AF21CDA2285E21A00D1A0A5 /* TestViewController.swift */; };
		8A0728EF228F330A00A3AEBF /* SystemProfilerItem.swift in Sources */ = {isa = PBXBuildFile; fileRef = 8A0728EE228F330A00A3AEBF /* SystemProfilerItem.swift */; };
		8A0728F2228F33AA00A3AEBF /* AudioItem.swift in Sources */ = {isa = PBXBuildFile; fileRef = 8A0728F1228F33AA00A3AEBF /* AudioItem.swift */; };
		8A0728F6228F349700A3AEBF /* DisplayItem.swift in Sources */ = {isa = PBXBuildFile; fileRef = 8A0728F5228F349700A3AEBF /* DisplayItem.swift */; };
		8A0728F8228F352D00A3AEBF /* HardwareItem.swift in Sources */ = {isa = PBXBuildFile; fileRef = 8A0728F7228F352D00A3AEBF /* HardwareItem.swift */; };
		8A0728FA228F35DD00A3AEBF /* MemoryItem.swift in Sources */ = {isa = PBXBuildFile; fileRef = 8A0728F9228F35DD00A3AEBF /* MemoryItem.swift */; };
		8A072901228F368D00A3AEBF /* BatteryItem.swift in Sources */ = {isa = PBXBuildFile; fileRef = 8A072900228F368D00A3AEBF /* BatteryItem.swift */; };
		8A072903228F37CF00A3AEBF /* NVMeItem.swift in Sources */ = {isa = PBXBuildFile; fileRef = 8A072902228F37CF00A3AEBF /* NVMeItem.swift */; };
		8A072905228F382500A3AEBF /* SerialATAItem.swift in Sources */ = {isa = PBXBuildFile; fileRef = 8A072904228F382500A3AEBF /* SerialATAItem.swift */; };
		8A072907228F384200A3AEBF /* StorageItem.swift in Sources */ = {isa = PBXBuildFile; fileRef = 8A072906228F384200A3AEBF /* StorageItem.swift */; };
		8A07290A228F38D900A3AEBF /* DiscBurningItem.swift in Sources */ = {isa = PBXBuildFile; fileRef = 8A072909228F38D900A3AEBF /* DiscBurningItem.swift */; };
		8A07290D228F3A0100A3AEBF /* ItemType.swift in Sources */ = {isa = PBXBuildFile; fileRef = 8A07290C228F3A0100A3AEBF /* ItemType.swift */; };
		8A072914228F3C1900A3AEBF /* SystemProfiler.swift in Sources */ = {isa = PBXBuildFile; fileRef = 8A072913228F3C1900A3AEBF /* SystemProfiler.swift */; };
		8A07291D228F598000A3AEBF /* PowerItem.swift in Sources */ = {isa = PBXBuildFile; fileRef = 8A07291C228F598000A3AEBF /* PowerItem.swift */; };
		8A3243D422A4CB850042E6D9 /* AVTest-Icon.png in Resources */ = {isa = PBXBuildFile; fileRef = 8A3243D322A4CB850042E6D9 /* AVTest-Icon.png */; };
		8A74C97C229837F7009410E9 /* LoadingView.swift in Sources */ = {isa = PBXBuildFile; fileRef = 8A74C97B229837F7009410E9 /* LoadingView.swift */; };
		8A74C97E22983ADE009410E9 /* NSView+Replacement.swift in Sources */ = {isa = PBXBuildFile; fileRef = 8A74C97D22983ADE009410E9 /* NSView+Replacement.swift */; };
		8A74C98022983EF6009410E9 /* MachineInformationView.swift in Sources */ = {isa = PBXBuildFile; fileRef = 8A74C97F22983EF6009410E9 /* MachineInformationView.swift */; };
		8A74C98222983F5D009410E9 /* MachineInformationView.xib in Resources */ = {isa = PBXBuildFile; fileRef = 8A74C98122983F5D009410E9 /* MachineInformationView.xib */; };
		8A74C98422984132009410E9 /* LoadingView.xib in Resources */ = {isa = PBXBuildFile; fileRef = 8A74C98322984132009410E9 /* LoadingView.xib */; };
		8A74C986229842DD009410E9 /* NSView+Animations.swift in Sources */ = {isa = PBXBuildFile; fileRef = 8A74C985229842DD009410E9 /* NSView+Animations.swift */; };
		8A74C98B22984C4C009410E9 /* NSTextField+Autosizing.swift in Sources */ = {isa = PBXBuildFile; fileRef = 8A74C98A22984C4C009410E9 /* NSTextField+Autosizing.swift */; };
		8A74C98F22985481009410E9 /* CondensedSystemProfilerData.swift in Sources */ = {isa = PBXBuildFile; fileRef = 8A74C98E22985481009410E9 /* CondensedSystemProfilerData.swift */; };
		8A74C991229854EA009410E9 /* CondensedStorageItem.swift in Sources */ = {isa = PBXBuildFile; fileRef = 8A74C990229854EA009410E9 /* CondensedStorageItem.swift */; };
		8A74C99522985A51009410E9 /* CondensedDisplayInfo.swift in Sources */ = {isa = PBXBuildFile; fileRef = 8A74C99422985A51009410E9 /* CondensedDisplayInfo.swift */; };
		8A74C99922985AE1009410E9 /* CondensedBatteryHealth.swift in Sources */ = {isa = PBXBuildFile; fileRef = 8A74C99822985AE1009410E9 /* CondensedBatteryHealth.swift */; };
		8A74C99B229860DB009410E9 /* Evaluation.swift in Sources */ = {isa = PBXBuildFile; fileRef = 8A74C99A229860DB009410E9 /* Evaluation.swift */; };
		8A74C99D22986257009410E9 /* SerialNumberMatcher.swift in Sources */ = {isa = PBXBuildFile; fileRef = 8A74C99C22986257009410E9 /* SerialNumberMatcher.swift */; };
		8A74C99F22986368009410E9 /* Root.swift in Sources */ = {isa = PBXBuildFile; fileRef = 8A74C99E22986368009410E9 /* Root.swift */; };
		8A74C9A122986503009410E9 /* XMLParsing+Alamofire.swift in Sources */ = {isa = PBXBuildFile; fileRef = 8A74C9A022986503009410E9 /* XMLParsing+Alamofire.swift */; };
		8A74C9A3229869B0009410E9 /* PrintManager.swift in Sources */ = {isa = PBXBuildFile; fileRef = 8A74C9A2229869B0009410E9 /* PrintManager.swift */; };
		8A8E406522A5F81C00CC7B72 /* sourcery.yml in Resources */ = {isa = PBXBuildFile; fileRef = 8A8E406422A5F81C00CC7B72 /* sourcery.yml */; };
		8A8E406C22A5F8DE00CC7B72 /* sourcery-dist.yml in Resources */ = {isa = PBXBuildFile; fileRef = 8A8E406B22A5F8DE00CC7B72 /* sourcery-dist.yml */; };
		8A8E407022A5FA0600CC7B72 /* .git-keep in Resources */ = {isa = PBXBuildFile; fileRef = 8A8E406F22A5FA0600CC7B72 /* .git-keep */; };
		8A8E407222A5FB8C00CC7B72 /* Configuration.generated.swift in Sources */ = {isa = PBXBuildFile; fileRef = 8A8E407122A5FB8C00CC7B72 /* Configuration.generated.swift */; };
		8A92B767229A3DF0008F736C /* NestedItemType.swift in Sources */ = {isa = PBXBuildFile; fileRef = 8A92B766229A3DF0008F736C /* NestedItemType.swift */; };
		8AF21CD92285E21A00D1A0A5 /* AppDelegate.swift in Sources */ = {isa = PBXBuildFile; fileRef = 8AF21CD82285E21A00D1A0A5 /* AppDelegate.swift */; };
		8AF21CDD2285E21C00D1A0A5 /* Assets.xcassets in Resources */ = {isa = PBXBuildFile; fileRef = 8AF21CDC2285E21C00D1A0A5 /* Assets.xcassets */; };
		8AF21CE02285E21C00D1A0A5 /* Main.storyboard in Resources */ = {isa = PBXBuildFile; fileRef = 8AF21CDE2285E21C00D1A0A5 /* Main.storyboard */; };
		C498B97F5C7225B972CFA8F2 /* Pods_AVTest.framework in Frameworks */ = {isa = PBXBuildFile; fileRef = C79E405C335266A5C45A7D71 /* Pods_AVTest.framework */; };
/* End PBXBuildFile section */

/* Begin PBXFileReference section */
		1741AB4492596011B5FD6029 /* Pods-Apple Evaluation.debug.xcconfig */ = {isa = PBXFileReference; includeInIndex = 1; lastKnownFileType = text.xcconfig; name = "Pods-Apple Evaluation.debug.xcconfig"; path = "Target Support Files/Pods-Apple Evaluation/Pods-Apple Evaluation.debug.xcconfig"; sourceTree = "<group>"; };
		8A0728CF228F1D3900A3AEBF /* CameraPreview.swift */ = {isa = PBXFileReference; lastKnownFileType = sourcecode.swift; path = CameraPreview.swift; sourceTree = "<group>"; };
		8A0728D1228F1D9B00A3AEBF /* AudioPreview.swift */ = {isa = PBXFileReference; lastKnownFileType = sourcecode.swift; path = AudioPreview.swift; sourceTree = "<group>"; };
		8A0728E4228F268A00A3AEBF /* CoreAudio.swift */ = {isa = PBXFileReference; lastKnownFileType = sourcecode.swift; path = CoreAudio.swift; sourceTree = "<group>"; };
		8A0728E8228F2A3D00A3AEBF /* nt4.mp3 */ = {isa = PBXFileReference; lastKnownFileType = audio.mp3; path = nt4.mp3; sourceTree = "<group>"; };
		8A0728EE228F330A00A3AEBF /* SystemProfilerItem.swift */ = {isa = PBXFileReference; lastKnownFileType = sourcecode.swift; path = SystemProfilerItem.swift; sourceTree = "<group>"; };
		8A0728F1228F33AA00A3AEBF /* AudioItem.swift */ = {isa = PBXFileReference; lastKnownFileType = sourcecode.swift; path = AudioItem.swift; sourceTree = "<group>"; };
		8A0728F5228F349700A3AEBF /* DisplayItem.swift */ = {isa = PBXFileReference; lastKnownFileType = sourcecode.swift; path = DisplayItem.swift; sourceTree = "<group>"; };
		8A0728F7228F352D00A3AEBF /* HardwareItem.swift */ = {isa = PBXFileReference; lastKnownFileType = sourcecode.swift; path = HardwareItem.swift; sourceTree = "<group>"; };
		8A0728F9228F35DD00A3AEBF /* MemoryItem.swift */ = {isa = PBXFileReference; lastKnownFileType = sourcecode.swift; path = MemoryItem.swift; sourceTree = "<group>"; };
		8A072900228F368D00A3AEBF /* BatteryItem.swift */ = {isa = PBXFileReference; lastKnownFileType = sourcecode.swift; path = BatteryItem.swift; sourceTree = "<group>"; };
		8A072902228F37CF00A3AEBF /* NVMeItem.swift */ = {isa = PBXFileReference; lastKnownFileType = sourcecode.swift; path = NVMeItem.swift; sourceTree = "<group>"; };
		8A072904228F382500A3AEBF /* SerialATAItem.swift */ = {isa = PBXFileReference; lastKnownFileType = sourcecode.swift; path = SerialATAItem.swift; sourceTree = "<group>"; };
		8A072906228F384200A3AEBF /* StorageItem.swift */ = {isa = PBXFileReference; lastKnownFileType = sourcecode.swift; path = StorageItem.swift; sourceTree = "<group>"; };
		8A072909228F38D900A3AEBF /* DiscBurningItem.swift */ = {isa = PBXFileReference; lastKnownFileType = sourcecode.swift; path = DiscBurningItem.swift; sourceTree = "<group>"; };
		8A07290C228F3A0100A3AEBF /* ItemType.swift */ = {isa = PBXFileReference; lastKnownFileType = sourcecode.swift; path = ItemType.swift; sourceTree = "<group>"; };
		8A072913228F3C1900A3AEBF /* SystemProfiler.swift */ = {isa = PBXFileReference; lastKnownFileType = sourcecode.swift; path = SystemProfiler.swift; sourceTree = "<group>"; };
		8A072915228F410F00A3AEBF /* AVTest.entitlements */ = {isa = PBXFileReference; lastKnownFileType = text.plist.entitlements; path = AVTest.entitlements; sourceTree = "<group>"; };
		8A07291C228F598000A3AEBF /* PowerItem.swift */ = {isa = PBXFileReference; lastKnownFileType = sourcecode.swift; path = PowerItem.swift; sourceTree = "<group>"; };
		8A3243D322A4CB850042E6D9 /* AVTest-Icon.png */ = {isa = PBXFileReference; lastKnownFileType = image.png; path = "AVTest-Icon.png"; sourceTree = "<group>"; };
		8A74C97B229837F7009410E9 /* LoadingView.swift */ = {isa = PBXFileReference; lastKnownFileType = sourcecode.swift; path = LoadingView.swift; sourceTree = "<group>"; };
		8A74C97D22983ADE009410E9 /* NSView+Replacement.swift */ = {isa = PBXFileReference; lastKnownFileType = sourcecode.swift; path = "NSView+Replacement.swift"; sourceTree = "<group>"; };
		8A74C97F22983EF6009410E9 /* MachineInformationView.swift */ = {isa = PBXFileReference; lastKnownFileType = sourcecode.swift; path = MachineInformationView.swift; sourceTree = "<group>"; };
		8A74C98122983F5D009410E9 /* MachineInformationView.xib */ = {isa = PBXFileReference; lastKnownFileType = file.xib; path = MachineInformationView.xib; sourceTree = "<group>"; };
		8A74C98322984132009410E9 /* LoadingView.xib */ = {isa = PBXFileReference; lastKnownFileType = file.xib; path = LoadingView.xib; sourceTree = "<group>"; };
		8A74C985229842DD009410E9 /* NSView+Animations.swift */ = {isa = PBXFileReference; lastKnownFileType = sourcecode.swift; path = "NSView+Animations.swift"; sourceTree = "<group>"; };
		8A74C98A22984C4C009410E9 /* NSTextField+Autosizing.swift */ = {isa = PBXFileReference; lastKnownFileType = sourcecode.swift; path = "NSTextField+Autosizing.swift"; sourceTree = "<group>"; };
		8A74C98E22985481009410E9 /* CondensedSystemProfilerData.swift */ = {isa = PBXFileReference; lastKnownFileType = sourcecode.swift; path = CondensedSystemProfilerData.swift; sourceTree = "<group>"; };
		8A74C990229854EA009410E9 /* CondensedStorageItem.swift */ = {isa = PBXFileReference; lastKnownFileType = sourcecode.swift; path = CondensedStorageItem.swift; sourceTree = "<group>"; };
		8A74C99422985A51009410E9 /* CondensedDisplayInfo.swift */ = {isa = PBXFileReference; lastKnownFileType = sourcecode.swift; path = CondensedDisplayInfo.swift; sourceTree = "<group>"; };
		8A74C99822985AE1009410E9 /* CondensedBatteryHealth.swift */ = {isa = PBXFileReference; lastKnownFileType = sourcecode.swift; path = CondensedBatteryHealth.swift; sourceTree = "<group>"; };
		8A74C99A229860DB009410E9 /* Evaluation.swift */ = {isa = PBXFileReference; lastKnownFileType = sourcecode.swift; path = Evaluation.swift; sourceTree = "<group>"; };
		8A74C99C22986257009410E9 /* SerialNumberMatcher.swift */ = {isa = PBXFileReference; lastKnownFileType = sourcecode.swift; path = SerialNumberMatcher.swift; sourceTree = "<group>"; };
		8A74C99E22986368009410E9 /* Root.swift */ = {isa = PBXFileReference; lastKnownFileType = sourcecode.swift; path = Root.swift; sourceTree = "<group>"; };
		8A74C9A022986503009410E9 /* XMLParsing+Alamofire.swift */ = {isa = PBXFileReference; lastKnownFileType = sourcecode.swift; path = "XMLParsing+Alamofire.swift"; sourceTree = "<group>"; };
		8A74C9A2229869B0009410E9 /* PrintManager.swift */ = {isa = PBXFileReference; lastKnownFileType = sourcecode.swift; path = PrintManager.swift; sourceTree = "<group>"; };
		8A74C9A822989659009410E9 /* Configuration.stencil */ = {isa = PBXFileReference; lastKnownFileType = text; path = Configuration.stencil; sourceTree = "<group>"; };
		8A8E406422A5F81C00CC7B72 /* sourcery.yml */ = {isa = PBXFileReference; fileEncoding = 4; lastKnownFileType = text; path = sourcery.yml; sourceTree = "<group>"; };
		8A8E406B22A5F8DE00CC7B72 /* sourcery-dist.yml */ = {isa = PBXFileReference; lastKnownFileType = text; path = "sourcery-dist.yml"; sourceTree = "<group>"; };
		8A8E406F22A5FA0600CC7B72 /* .git-keep */ = {isa = PBXFileReference; fileEncoding = 4; lastKnownFileType = text; path = ".git-keep"; sourceTree = "<group>"; };
		8A8E407122A5FB8C00CC7B72 /* Configuration.generated.swift */ = {isa = PBXFileReference; fileEncoding = 4; lastKnownFileType = sourcecode.swift; path = Configuration.generated.swift; sourceTree = "<group>"; };
		8A92B766229A3DF0008F736C /* NestedItemType.swift */ = {isa = PBXFileReference; lastKnownFileType = sourcecode.swift; path = NestedItemType.swift; sourceTree = "<group>"; };
		8AF21CD52285E21A00D1A0A5 /* AVTest.app */ = {isa = PBXFileReference; explicitFileType = wrapper.application; includeInIndex = 0; path = AVTest.app; sourceTree = BUILT_PRODUCTS_DIR; };
		8AF21CD82285E21A00D1A0A5 /* AppDelegate.swift */ = {isa = PBXFileReference; lastKnownFileType = sourcecode.swift; path = AppDelegate.swift; sourceTree = "<group>"; };
		8AF21CDA2285E21A00D1A0A5 /* TestViewController.swift */ = {isa = PBXFileReference; lastKnownFileType = sourcecode.swift; path = TestViewController.swift; sourceTree = "<group>"; };
		8AF21CDC2285E21C00D1A0A5 /* Assets.xcassets */ = {isa = PBXFileReference; lastKnownFileType = folder.assetcatalog; path = Assets.xcassets; sourceTree = "<group>"; };
		8AF21CDF2285E21C00D1A0A5 /* Base */ = {isa = PBXFileReference; lastKnownFileType = file.storyboard; name = Base; path = Base.lproj/Main.storyboard; sourceTree = "<group>"; };
		8AF21CE12285E21C00D1A0A5 /* Info.plist */ = {isa = PBXFileReference; lastKnownFileType = text.plist.xml; path = Info.plist; sourceTree = "<group>"; };
		C493AA22C54E00A1A15DD040 /* Pods-AVTest.debug.xcconfig */ = {isa = PBXFileReference; includeInIndex = 1; lastKnownFileType = text.xcconfig; name = "Pods-AVTest.debug.xcconfig"; path = "Target Support Files/Pods-AVTest/Pods-AVTest.debug.xcconfig"; sourceTree = "<group>"; };
		C79E405C335266A5C45A7D71 /* Pods_AVTest.framework */ = {isa = PBXFileReference; explicitFileType = wrapper.framework; includeInIndex = 0; path = Pods_AVTest.framework; sourceTree = BUILT_PRODUCTS_DIR; };
		DCF110E4E838F354AD76E398 /* Pods-AVTest.release.xcconfig */ = {isa = PBXFileReference; includeInIndex = 1; lastKnownFileType = text.xcconfig; name = "Pods-AVTest.release.xcconfig"; path = "Target Support Files/Pods-AVTest/Pods-AVTest.release.xcconfig"; sourceTree = "<group>"; };
		DDB1ED7656F4A6D64CE496B8 /* Pods-Apple Evaluation.release.xcconfig */ = {isa = PBXFileReference; includeInIndex = 1; lastKnownFileType = text.xcconfig; name = "Pods-Apple Evaluation.release.xcconfig"; path = "Target Support Files/Pods-Apple Evaluation/Pods-Apple Evaluation.release.xcconfig"; sourceTree = "<group>"; };
/* End PBXFileReference section */

/* Begin PBXFrameworksBuildPhase section */
		8AF21CD22285E21A00D1A0A5 /* Frameworks */ = {
			isa = PBXFrameworksBuildPhase;
			buildActionMask = 2147483647;
			files = (
				C498B97F5C7225B972CFA8F2 /* Pods_AVTest.framework in Frameworks */,
			);
			runOnlyForDeploymentPostprocessing = 0;
		};
/* End PBXFrameworksBuildPhase section */

/* Begin PBXGroup section */
		52739D7D97D7611314445597 /* Pods */ = {
			isa = PBXGroup;
			children = (
				1741AB4492596011B5FD6029 /* Pods-Apple Evaluation.debug.xcconfig */,
				DDB1ED7656F4A6D64CE496B8 /* Pods-Apple Evaluation.release.xcconfig */,
				C493AA22C54E00A1A15DD040 /* Pods-AVTest.debug.xcconfig */,
				DCF110E4E838F354AD76E398 /* Pods-AVTest.release.xcconfig */,
			);
			path = Pods;
			sourceTree = "<group>";
		};
		8A0728CE228F1D2900A3AEBF /* Views */ = {
			isa = PBXGroup;
			children = (
				8A0728CF228F1D3900A3AEBF /* CameraPreview.swift */,
				8A0728D1228F1D9B00A3AEBF /* AudioPreview.swift */,
				8A74C97B229837F7009410E9 /* LoadingView.swift */,
				8A74C97F22983EF6009410E9 /* MachineInformationView.swift */,
			);
			path = Views;
			sourceTree = "<group>";
		};
		8A0728E7228F2A3600A3AEBF /* Assets */ = {
			isa = PBXGroup;
			children = (
				8A3243D322A4CB850042E6D9 /* AVTest-Icon.png */,
				8AF21CE12285E21C00D1A0A5 /* Info.plist */,
				8A0728E8228F2A3D00A3AEBF /* nt4.mp3 */,
			);
			path = Assets;
			sourceTree = "<group>";
		};
		8A0728EC228F32E400A3AEBF /* Parsing */ = {
			isa = PBXGroup;
			children = (
				8A5FCE7D2299BC1600997BAD /* Apple API */,
				8A74C99A229860DB009410E9 /* Evaluation.swift */,
				8A0728EE228F330A00A3AEBF /* SystemProfilerItem.swift */,
				8A0728F0228F339F00A3AEBF /* Item Types */,
			);
			path = Parsing;
			sourceTree = "<group>";
		};
		8A0728ED228F32F400A3AEBF /* Helpers */ = {
			isa = PBXGroup;
			children = (
				8A74C9A2229869B0009410E9 /* PrintManager.swift */,
				8A072913228F3C1900A3AEBF /* SystemProfiler.swift */,
				8A0728E4228F268A00A3AEBF /* CoreAudio.swift */,
				8A74C99C22986257009410E9 /* SerialNumberMatcher.swift */,
				8A74C9892298441F009410E9 /* Extensions */,
			);
			path = Helpers;
			sourceTree = "<group>";
		};
		8A0728F0228F339F00A3AEBF /* Item Types */ = {
			isa = PBXGroup;
			children = (
				8A74C98D22985474009410E9 /* Condensed */,
				8A74C98C22985468009410E9 /* Full */,
			);
			path = "Item Types";
			sourceTree = "<group>";
		};
		8A072908228F38C400A3AEBF /* Storage Items */ = {
			isa = PBXGroup;
			children = (
				8A072902228F37CF00A3AEBF /* NVMeItem.swift */,
				8A072904228F382500A3AEBF /* SerialATAItem.swift */,
				8A072909228F38D900A3AEBF /* DiscBurningItem.swift */,
			);
			path = "Storage Items";
			sourceTree = "<group>";
		};
		8A07290E228F3B1600A3AEBF /* Protocols */ = {
			isa = PBXGroup;
			children = (
				8A07290C228F3A0100A3AEBF /* ItemType.swift */,
				8A072906228F384200A3AEBF /* StorageItem.swift */,
				8A92B766229A3DF0008F736C /* NestedItemType.swift */,
			);
			path = Protocols;
			sourceTree = "<group>";
		};
		8A5FCE7D2299BC1600997BAD /* Apple API */ = {
			isa = PBXGroup;
			children = (
				8A74C99E22986368009410E9 /* Root.swift */,
			);
			path = "Apple API";
			sourceTree = "<group>";
		};
		8A74C987229843E0009410E9 /* Nibs */ = {
			isa = PBXGroup;
			children = (
				8AF21CDE2285E21C00D1A0A5 /* Main.storyboard */,
				8A74C98122983F5D009410E9 /* MachineInformationView.xib */,
				8A74C98322984132009410E9 /* LoadingView.xib */,
			);
			path = Nibs;
			sourceTree = "<group>";
		};
		8A74C988229843FC009410E9 /* View Controllers */ = {
			isa = PBXGroup;
			children = (
				8AF21CDA2285E21A00D1A0A5 /* TestViewController.swift */,
			);
			path = "View Controllers";
			sourceTree = "<group>";
		};
		8A74C9892298441F009410E9 /* Extensions */ = {
			isa = PBXGroup;
			children = (
				8A74C985229842DD009410E9 /* NSView+Animations.swift */,
				8A74C97D22983ADE009410E9 /* NSView+Replacement.swift */,
				8A74C98A22984C4C009410E9 /* NSTextField+Autosizing.swift */,
				8A74C9A022986503009410E9 /* XMLParsing+Alamofire.swift */,
			);
			path = Extensions;
			sourceTree = "<group>";
		};
		8A74C98C22985468009410E9 /* Full */ = {
			isa = PBXGroup;
			children = (
				8A07290E228F3B1600A3AEBF /* Protocols */,
				8A072908228F38C400A3AEBF /* Storage Items */,
				8A92B765229A39E9008F736C /* Power Items */,
				8A0728F1228F33AA00A3AEBF /* AudioItem.swift */,
				8A0728F5228F349700A3AEBF /* DisplayItem.swift */,
				8A0728F7228F352D00A3AEBF /* HardwareItem.swift */,
				8A0728F9228F35DD00A3AEBF /* MemoryItem.swift */,
			);
			path = Full;
			sourceTree = "<group>";
		};
		8A74C98D22985474009410E9 /* Condensed */ = {
			isa = PBXGroup;
			children = (
				8A74C98E22985481009410E9 /* CondensedSystemProfilerData.swift */,
				8A74C990229854EA009410E9 /* CondensedStorageItem.swift */,
				8A74C99422985A51009410E9 /* CondensedDisplayInfo.swift */,
				8A74C99822985AE1009410E9 /* CondensedBatteryHealth.swift */,
			);
			path = Condensed;
			sourceTree = "<group>";
		};
		8A74C9AB229896F6009410E9 /* Templates */ = {
			isa = PBXGroup;
			children = (
				8A74C9A822989659009410E9 /* Configuration.stencil */,
			);
			path = Templates;
			sourceTree = "<group>";
		};
		8A8E406622A5F84200CC7B72 /* Configuration */ = {
			isa = PBXGroup;
			children = (
				8A8E406422A5F81C00CC7B72 /* sourcery.yml */,
				8A8E406B22A5F8DE00CC7B72 /* sourcery-dist.yml */,
			);
			path = Configuration;
			sourceTree = "<group>";
		};
		8A8E406D22A5F95000CC7B72 /* Sourcery */ = {
			isa = PBXGroup;
			children = (
				8A8E406E22A5F9FF00CC7B72 /* Generated */,
				8A74C9AB229896F6009410E9 /* Templates */,
				8A8E406622A5F84200CC7B72 /* Configuration */,
			);
			path = Sourcery;
			sourceTree = "<group>";
		};
		8A8E406E22A5F9FF00CC7B72 /* Generated */ = {
			isa = PBXGroup;
			children = (
				8A8E407122A5FB8C00CC7B72 /* Configuration.generated.swift */,
				8A8E406F22A5FA0600CC7B72 /* .git-keep */,
			);
			path = Generated;
			sourceTree = "<group>";
		};
		8A92B765229A39E9008F736C /* Power Items */ = {
			isa = PBXGroup;
			children = (
				8A072900228F368D00A3AEBF /* BatteryItem.swift */,
				8A07291C228F598000A3AEBF /* PowerItem.swift */,
			);
			path = "Power Items";
			sourceTree = "<group>";
		};
		8AF21CCC2285E21A00D1A0A5 = {
			isa = PBXGroup;
			children = (
				8AF21CD72285E21A00D1A0A5 /* AVTest */,
				8AF21CD62285E21A00D1A0A5 /* Products */,
				52739D7D97D7611314445597 /* Pods */,
				FF378F63307CC3F2A5AFD063 /* Frameworks */,
			);
			sourceTree = "<group>";
		};
		8AF21CD62285E21A00D1A0A5 /* Products */ = {
			isa = PBXGroup;
			children = (
				8AF21CD52285E21A00D1A0A5 /* AVTest.app */,
			);
			name = Products;
			sourceTree = "<group>";
		};
		8AF21CD72285E21A00D1A0A5 /* AVTest */ = {
			isa = PBXGroup;
			children = (
				8A8E406D22A5F95000CC7B72 /* Sourcery */,
				8A072915228F410F00A3AEBF /* AVTest.entitlements */,
				8AF21CD82285E21A00D1A0A5 /* AppDelegate.swift */,
				8AF21CDC2285E21C00D1A0A5 /* Assets.xcassets */,
				8A0728ED228F32F400A3AEBF /* Helpers */,
				8A0728EC228F32E400A3AEBF /* Parsing */,
				8A0728E7228F2A3600A3AEBF /* Assets */,
				8A74C988229843FC009410E9 /* View Controllers */,
				8A0728CE228F1D2900A3AEBF /* Views */,
				8A74C987229843E0009410E9 /* Nibs */,
			);
			path = AVTest;
			sourceTree = "<group>";
		};
		FF378F63307CC3F2A5AFD063 /* Frameworks */ = {
			isa = PBXGroup;
			children = (
				C79E405C335266A5C45A7D71 /* Pods_AVTest.framework */,
			);
			name = Frameworks;
			sourceTree = "<group>";
		};
/* End PBXGroup section */

/* Begin PBXNativeTarget section */
		8AF21CD42285E21A00D1A0A5 /* AVTest */ = {
			isa = PBXNativeTarget;
			buildConfigurationList = 8AF21CE52285E21C00D1A0A5 /* Build configuration list for PBXNativeTarget "AVTest" */;
			buildPhases = (
				24886D0CCA811882AE2D3969 /* [CP] Check Pods Manifest.lock */,
				8AF21CD12285E21A00D1A0A5 /* Sources */,
				8AF21CD22285E21A00D1A0A5 /* Frameworks */,
				8AF21CD32285E21A00D1A0A5 /* Resources */,
				B226530DD36865C210A72418 /* [CP] Embed Pods Frameworks */,
			);
			buildRules = (
			);
			dependencies = (
			);
			name = AVTest;
			productName = "Apple Evaluation";
			productReference = 8AF21CD52285E21A00D1A0A5 /* AVTest.app */;
			productType = "com.apple.product-type.application";
		};
/* End PBXNativeTarget section */

/* Begin PBXProject section */
		8AF21CCD2285E21A00D1A0A5 /* Project object */ = {
			isa = PBXProject;
			attributes = {
				LastSwiftUpdateCheck = 1020;
				LastUpgradeCheck = 1020;
				ORGANIZATIONNAME = "Keaton Burleson";
				TargetAttributes = {
					8AF21CD42285E21A00D1A0A5 = {
						CreatedOnToolsVersion = 10.2.1;
						SystemCapabilities = {
							com.apple.Sandbox = {
								enabled = 0;
							};
						};
					};
				};
			};
			buildConfigurationList = 8AF21CD02285E21A00D1A0A5 /* Build configuration list for PBXProject "AVTest" */;
			compatibilityVersion = "Xcode 9.3";
			developmentRegion = en;
			hasScannedForEncodings = 0;
			knownRegions = (
				en,
				Base,
			);
			mainGroup = 8AF21CCC2285E21A00D1A0A5;
			productRefGroup = 8AF21CD62285E21A00D1A0A5 /* Products */;
			projectDirPath = "";
			projectRoot = "";
			targets = (
				8AF21CD42285E21A00D1A0A5 /* AVTest */,
			);
		};
/* End PBXProject section */

/* Begin PBXResourcesBuildPhase section */
		8AF21CD32285E21A00D1A0A5 /* Resources */ = {
			isa = PBXResourcesBuildPhase;
			buildActionMask = 2147483647;
			files = (
				8A8E406522A5F81C00CC7B72 /* sourcery.yml in Resources */,
				8A0728E9228F2A3D00A3AEBF /* nt4.mp3 in Resources */,
				8A8E406C22A5F8DE00CC7B72 /* sourcery-dist.yml in Resources */,
				8A3243D422A4CB850042E6D9 /* AVTest-Icon.png in Resources */,
				8AF21CDD2285E21C00D1A0A5 /* Assets.xcassets in Resources */,
				8AF21CE02285E21C00D1A0A5 /* Main.storyboard in Resources */,
				8A74C98222983F5D009410E9 /* MachineInformationView.xib in Resources */,
				8A74C98422984132009410E9 /* LoadingView.xib in Resources */,
				8A8E407022A5FA0600CC7B72 /* .git-keep in Resources */,
			);
			runOnlyForDeploymentPostprocessing = 0;
		};
/* End PBXResourcesBuildPhase section */

/* Begin PBXShellScriptBuildPhase section */
		24886D0CCA811882AE2D3969 /* [CP] Check Pods Manifest.lock */ = {
			isa = PBXShellScriptBuildPhase;
			buildActionMask = 2147483647;
			files = (
			);
			inputFileListPaths = (
			);
			inputPaths = (
				"${PODS_PODFILE_DIR_PATH}/Podfile.lock",
				"${PODS_ROOT}/Manifest.lock",
			);
			name = "[CP] Check Pods Manifest.lock";
			outputFileListPaths = (
			);
			outputPaths = (
				"$(DERIVED_FILE_DIR)/Pods-AVTest-checkManifestLockResult.txt",
			);
			runOnlyForDeploymentPostprocessing = 0;
			shellPath = /bin/sh;
			shellScript = "diff \"${PODS_PODFILE_DIR_PATH}/Podfile.lock\" \"${PODS_ROOT}/Manifest.lock\" > /dev/null\nif [ $? != 0 ] ; then\n    # print error to STDERR\n    echo \"error: The sandbox is not in sync with the Podfile.lock. Run 'pod install' or update your CocoaPods installation.\" >&2\n    exit 1\nfi\n# This output is used by Xcode 'outputs' to avoid re-running this script phase.\necho \"SUCCESS\" > \"${SCRIPT_OUTPUT_FILE_0}\"\n";
			showEnvVarsInLog = 0;
		};
		B226530DD36865C210A72418 /* [CP] Embed Pods Frameworks */ = {
			isa = PBXShellScriptBuildPhase;
			buildActionMask = 2147483647;
			files = (
			);
			inputFileListPaths = (
				"${PODS_ROOT}/Target Support Files/Pods-AVTest/Pods-AVTest-frameworks-${CONFIGURATION}-input-files.xcfilelist",
			);
			name = "[CP] Embed Pods Frameworks";
			outputFileListPaths = (
				"${PODS_ROOT}/Target Support Files/Pods-AVTest/Pods-AVTest-frameworks-${CONFIGURATION}-output-files.xcfilelist",
			);
			runOnlyForDeploymentPostprocessing = 0;
			shellPath = /bin/sh;
			shellScript = "\"${PODS_ROOT}/Target Support Files/Pods-AVTest/Pods-AVTest-frameworks.sh\"\n";
			showEnvVarsInLog = 0;
		};
/* End PBXShellScriptBuildPhase section */

/* Begin PBXSourcesBuildPhase section */
		8AF21CD12285E21A00D1A0A5 /* Sources */ = {
			isa = PBXSourcesBuildPhase;
			buildActionMask = 2147483647;
			files = (
				8A0728EF228F330A00A3AEBF /* SystemProfilerItem.swift in Sources */,
				8A072905228F382500A3AEBF /* SerialATAItem.swift in Sources */,
				8A74C97E22983ADE009410E9 /* NSView+Replacement.swift in Sources */,
				8A0728FA228F35DD00A3AEBF /* MemoryItem.swift in Sources */,
				8A74C98B22984C4C009410E9 /* NSTextField+Autosizing.swift in Sources */,
				8A8E407222A5FB8C00CC7B72 /* Configuration.generated.swift in Sources */,
				8A07291D228F598000A3AEBF /* PowerItem.swift in Sources */,
				8A0728F6228F349700A3AEBF /* DisplayItem.swift in Sources */,
				8A74C99F22986368009410E9 /* Root.swift in Sources */,
				8A0728F8228F352D00A3AEBF /* HardwareItem.swift in Sources */,
				8A0728EA228F2ADD00A3AEBF /* TestViewController.swift in Sources */,
				8A92B767229A3DF0008F736C /* NestedItemType.swift in Sources */,
				8A0728D2228F1D9B00A3AEBF /* AudioPreview.swift in Sources */,
				8A74C99D22986257009410E9 /* SerialNumberMatcher.swift in Sources */,
				8A0728E5228F268A00A3AEBF /* CoreAudio.swift in Sources */,
				8A74C98022983EF6009410E9 /* MachineInformationView.swift in Sources */,
				8A0728F2228F33AA00A3AEBF /* AudioItem.swift in Sources */,
				8A74C991229854EA009410E9 /* CondensedStorageItem.swift in Sources */,
				8A0728D0228F1D3900A3AEBF /* CameraPreview.swift in Sources */,
				8A74C99922985AE1009410E9 /* CondensedBatteryHealth.swift in Sources */,
				8A07290D228F3A0100A3AEBF /* ItemType.swift in Sources */,
				8A07290A228F38D900A3AEBF /* DiscBurningItem.swift in Sources */,
				8A072907228F384200A3AEBF /* StorageItem.swift in Sources */,
				8A74C9A3229869B0009410E9 /* PrintManager.swift in Sources */,
				8A74C99522985A51009410E9 /* CondensedDisplayInfo.swift in Sources */,
				8A072901228F368D00A3AEBF /* BatteryItem.swift in Sources */,
				8A072914228F3C1900A3AEBF /* SystemProfiler.swift in Sources */,
				8A74C98F22985481009410E9 /* CondensedSystemProfilerData.swift in Sources */,
				8A74C99B229860DB009410E9 /* Evaluation.swift in Sources */,
				8A74C9A122986503009410E9 /* XMLParsing+Alamofire.swift in Sources */,
				8A74C986229842DD009410E9 /* NSView+Animations.swift in Sources */,
				8A072903228F37CF00A3AEBF /* NVMeItem.swift in Sources */,
				8A74C97C229837F7009410E9 /* LoadingView.swift in Sources */,
				8AF21CD92285E21A00D1A0A5 /* AppDelegate.swift in Sources */,
			);
			runOnlyForDeploymentPostprocessing = 0;
		};
/* End PBXSourcesBuildPhase section */

/* Begin PBXVariantGroup section */
		8AF21CDE2285E21C00D1A0A5 /* Main.storyboard */ = {
			isa = PBXVariantGroup;
			children = (
				8AF21CDF2285E21C00D1A0A5 /* Base */,
			);
			name = Main.storyboard;
			sourceTree = "<group>";
		};
/* End PBXVariantGroup section */

/* Begin XCBuildConfiguration section */
		8AF21CE32285E21C00D1A0A5 /* Debug */ = {
			isa = XCBuildConfiguration;
			buildSettings = {
				ALWAYS_SEARCH_USER_PATHS = NO;
				CLANG_ANALYZER_NONNULL = YES;
				CLANG_ANALYZER_NUMBER_OBJECT_CONVERSION = YES_AGGRESSIVE;
				CLANG_CXX_LANGUAGE_STANDARD = "gnu++14";
				CLANG_CXX_LIBRARY = "libc++";
				CLANG_ENABLE_MODULES = YES;
				CLANG_ENABLE_OBJC_ARC = YES;
				CLANG_ENABLE_OBJC_WEAK = YES;
				CLANG_WARN_BLOCK_CAPTURE_AUTORELEASING = YES;
				CLANG_WARN_BOOL_CONVERSION = YES;
				CLANG_WARN_COMMA = YES;
				CLANG_WARN_CONSTANT_CONVERSION = YES;
				CLANG_WARN_DEPRECATED_OBJC_IMPLEMENTATIONS = YES;
				CLANG_WARN_DIRECT_OBJC_ISA_USAGE = YES_ERROR;
				CLANG_WARN_DOCUMENTATION_COMMENTS = YES;
				CLANG_WARN_EMPTY_BODY = YES;
				CLANG_WARN_ENUM_CONVERSION = YES;
				CLANG_WARN_INFINITE_RECURSION = YES;
				CLANG_WARN_INT_CONVERSION = YES;
				CLANG_WARN_NON_LITERAL_NULL_CONVERSION = YES;
				CLANG_WARN_OBJC_IMPLICIT_RETAIN_SELF = YES;
				CLANG_WARN_OBJC_LITERAL_CONVERSION = YES;
				CLANG_WARN_OBJC_ROOT_CLASS = YES_ERROR;
				CLANG_WARN_RANGE_LOOP_ANALYSIS = YES;
				CLANG_WARN_STRICT_PROTOTYPES = YES;
				CLANG_WARN_SUSPICIOUS_MOVE = YES;
				CLANG_WARN_UNGUARDED_AVAILABILITY = YES_AGGRESSIVE;
				CLANG_WARN_UNREACHABLE_CODE = YES;
				CLANG_WARN__DUPLICATE_METHOD_MATCH = YES;
				CODE_SIGN_IDENTITY = "Mac Developer";
				COPY_PHASE_STRIP = NO;
				DEBUG_INFORMATION_FORMAT = dwarf;
				ENABLE_STRICT_OBJC_MSGSEND = YES;
				ENABLE_TESTABILITY = YES;
				GCC_C_LANGUAGE_STANDARD = gnu11;
				GCC_DYNAMIC_NO_PIC = NO;
				GCC_NO_COMMON_BLOCKS = YES;
				GCC_OPTIMIZATION_LEVEL = 0;
				GCC_PREPROCESSOR_DEFINITIONS = (
					"DEBUG=1",
					"$(inherited)",
				);
				GCC_WARN_64_TO_32_BIT_CONVERSION = YES;
				GCC_WARN_ABOUT_RETURN_TYPE = YES_ERROR;
				GCC_WARN_UNDECLARED_SELECTOR = YES;
				GCC_WARN_UNINITIALIZED_AUTOS = YES_AGGRESSIVE;
				GCC_WARN_UNUSED_FUNCTION = YES;
				GCC_WARN_UNUSED_VARIABLE = YES;
				MACOSX_DEPLOYMENT_TARGET = 10.14;
				MTL_ENABLE_DEBUG_INFO = INCLUDE_SOURCE;
				MTL_FAST_MATH = YES;
				ONLY_ACTIVE_ARCH = YES;
				SDKROOT = macosx;
				SWIFT_ACTIVE_COMPILATION_CONDITIONS = DEBUG;
				SWIFT_OPTIMIZATION_LEVEL = "-Onone";
			};
			name = Debug;
		};
		8AF21CE42285E21C00D1A0A5 /* Release */ = {
			isa = XCBuildConfiguration;
			buildSettings = {
				ALWAYS_SEARCH_USER_PATHS = NO;
				CLANG_ANALYZER_NONNULL = YES;
				CLANG_ANALYZER_NUMBER_OBJECT_CONVERSION = YES_AGGRESSIVE;
				CLANG_CXX_LANGUAGE_STANDARD = "gnu++14";
				CLANG_CXX_LIBRARY = "libc++";
				CLANG_ENABLE_MODULES = YES;
				CLANG_ENABLE_OBJC_ARC = YES;
				CLANG_ENABLE_OBJC_WEAK = YES;
				CLANG_WARN_BLOCK_CAPTURE_AUTORELEASING = YES;
				CLANG_WARN_BOOL_CONVERSION = YES;
				CLANG_WARN_COMMA = YES;
				CLANG_WARN_CONSTANT_CONVERSION = YES;
				CLANG_WARN_DEPRECATED_OBJC_IMPLEMENTATIONS = YES;
				CLANG_WARN_DIRECT_OBJC_ISA_USAGE = YES_ERROR;
				CLANG_WARN_DOCUMENTATION_COMMENTS = YES;
				CLANG_WARN_EMPTY_BODY = YES;
				CLANG_WARN_ENUM_CONVERSION = YES;
				CLANG_WARN_INFINITE_RECURSION = YES;
				CLANG_WARN_INT_CONVERSION = YES;
				CLANG_WARN_NON_LITERAL_NULL_CONVERSION = YES;
				CLANG_WARN_OBJC_IMPLICIT_RETAIN_SELF = YES;
				CLANG_WARN_OBJC_LITERAL_CONVERSION = YES;
				CLANG_WARN_OBJC_ROOT_CLASS = YES_ERROR;
				CLANG_WARN_RANGE_LOOP_ANALYSIS = YES;
				CLANG_WARN_STRICT_PROTOTYPES = YES;
				CLANG_WARN_SUSPICIOUS_MOVE = YES;
				CLANG_WARN_UNGUARDED_AVAILABILITY = YES_AGGRESSIVE;
				CLANG_WARN_UNREACHABLE_CODE = YES;
				CLANG_WARN__DUPLICATE_METHOD_MATCH = YES;
				CODE_SIGN_IDENTITY = "Mac Developer";
				COPY_PHASE_STRIP = NO;
				DEBUG_INFORMATION_FORMAT = "dwarf-with-dsym";
				ENABLE_NS_ASSERTIONS = NO;
				ENABLE_STRICT_OBJC_MSGSEND = YES;
				GCC_C_LANGUAGE_STANDARD = gnu11;
				GCC_NO_COMMON_BLOCKS = YES;
				GCC_WARN_64_TO_32_BIT_CONVERSION = YES;
				GCC_WARN_ABOUT_RETURN_TYPE = YES_ERROR;
				GCC_WARN_UNDECLARED_SELECTOR = YES;
				GCC_WARN_UNINITIALIZED_AUTOS = YES_AGGRESSIVE;
				GCC_WARN_UNUSED_FUNCTION = YES;
				GCC_WARN_UNUSED_VARIABLE = YES;
				MACOSX_DEPLOYMENT_TARGET = 10.14;
				MTL_ENABLE_DEBUG_INFO = NO;
				MTL_FAST_MATH = YES;
				SDKROOT = macosx;
				SWIFT_COMPILATION_MODE = wholemodule;
				SWIFT_OPTIMIZATION_LEVEL = "-O";
			};
			name = Release;
		};
		8AF21CE62285E21C00D1A0A5 /* Debug */ = {
			isa = XCBuildConfiguration;
			baseConfigurationReference = C493AA22C54E00A1A15DD040 /* Pods-AVTest.debug.xcconfig */;
			buildSettings = {
				ASSETCATALOG_COMPILER_APPICON_NAME = AppIcon;
				CODE_SIGN_ENTITLEMENTS = AVTest/AVTest.entitlements;
				CODE_SIGN_STYLE = Automatic;
				COMBINE_HIDPI_IMAGES = YES;
				DEVELOPMENT_TEAM = JMQ9Y3A8K6;
				FRAMEWORK_SEARCH_PATHS = "$(inherited)";
				INFOPLIST_FILE = "$(SRCROOT)/AVTest/Assets/Info.plist";
				LD_RUNPATH_SEARCH_PATHS = "$(inherited)";
				MACOSX_DEPLOYMENT_TARGET = 10.11;
				OTHER_LDFLAGS = (
					"-lstdc++",
					"$(inherited)",
				);
				PRODUCT_BUNDLE_IDENTIFIER = com.er2.AVTest;
				PRODUCT_NAME = "$(TARGET_NAME)";
				SWIFT_VERSION = 5.0;
			};
			name = Debug;
		};
		8AF21CE72285E21C00D1A0A5 /* Release */ = {
			isa = XCBuildConfiguration;
			baseConfigurationReference = DCF110E4E838F354AD76E398 /* Pods-AVTest.release.xcconfig */;
			buildSettings = {
				ASSETCATALOG_COMPILER_APPICON_NAME = AppIcon;
				CODE_SIGN_ENTITLEMENTS = AVTest/AVTest.entitlements;
				CODE_SIGN_STYLE = Automatic;
				COMBINE_HIDPI_IMAGES = YES;
				DEVELOPMENT_TEAM = JMQ9Y3A8K6;
				FRAMEWORK_SEARCH_PATHS = "$(inherited)";
				INFOPLIST_FILE = "$(SRCROOT)/AVTest/Assets/Info.plist";
				LD_RUNPATH_SEARCH_PATHS = "$(inherited)";
				MACOSX_DEPLOYMENT_TARGET = 10.11;
				OTHER_LDFLAGS = (
					"-lstdc++",
					"$(inherited)",
				);
				PRODUCT_BUNDLE_IDENTIFIER = com.er2.AVTest;
				PRODUCT_NAME = "$(TARGET_NAME)";
				SWIFT_VERSION = 5.0;
			};
			name = Release;
		};
/* End XCBuildConfiguration section */

/* Begin XCConfigurationList section */
		8AF21CD02285E21A00D1A0A5 /* Build configuration list for PBXProject "AVTest" */ = {
			isa = XCConfigurationList;
			buildConfigurations = (
				8AF21CE32285E21C00D1A0A5 /* Debug */,
				8AF21CE42285E21C00D1A0A5 /* Release */,
			);
			defaultConfigurationIsVisible = 0;
			defaultConfigurationName = Release;
		};
		8AF21CE52285E21C00D1A0A5 /* Build configuration list for PBXNativeTarget "AVTest" */ = {
			isa = XCConfigurationList;
			buildConfigurations = (
				8AF21CE62285E21C00D1A0A5 /* Debug */,
				8AF21CE72285E21C00D1A0A5 /* Release */,
			);
			defaultConfigurationIsVisible = 0;
			defaultConfigurationName = Release;
		};
/* End XCConfigurationList section */
	};
	rootObject = 8AF21CCD2285E21A00D1A0A5 /* Project object */;
}
